{
  "name": "@mahendraplus/maxter",
  "version": "27.3.2",
  "lockfileVersion": 3,
  "requires": true,
  "packages": {
    "": {
      "name": "@mahendraplus/maxter",
      "version": "27.3.2",
      "hasInstallScript": true,
      "license": "MIT",
      "bin": {
        "maxter": "scripts/maxter_tui.sh"
      }
    }
  }
}
